
Microsoft Visual Studio Solution File, Format Version 12.00
# Visual Studio Version 17
VisualStudioVersion = 17.4.33213.308
MinimumVisualStudioVersion = 10.0.40219.1
Project("{F184B08F-C81C-45F6-A57F-5ABD9991F28F}") = "Capstone  7 Project", "Capstone  7 Project\Capstone  7 Project.vbproj", "{371E2C91-FA21-4A0D-A5C3-61943B4FD76D}"
EndProject
Global
	GlobalSection(SolutionConfigurationPlatforms) = preSolution
		Debug|Any CPU = Debug|Any CPU
		Release|Any CPU = Release|Any CPU
	EndGlobalSection
	GlobalSection(ProjectConfigurationPlatforms) = postSolution
		{371E2C91-FA21-4A0D-A5C3-61943B4FD76D}.Debug|Any CPU.ActiveCfg = Debug|Any CPU
		{371E2C91-FA21-4A0D-A5C3-61943B4FD76D}.Debug|Any CPU.Build.0 = Debug|Any CPU
		{371E2C91-FA21-4A0D-A5C3-61943B4FD76D}.Release|Any CPU.ActiveCfg = Release|Any CPU
		{371E2C91-FA21-4A0D-A5C3-61943B4FD76D}.Release|Any CPU.Build.0 = Release|Any CPU
	EndGlobalSection
	GlobalSection(SolutionProperties) = preSolution
		HideSolutionNode = FALSE
	EndGlobalSection
	GlobalSection(ExtensibilityGlobals) = postSolution
		SolutionGuid = {656046F9-510E-49C3-A279-07EEC1E116A6}
	EndGlobalSection
EndGlobal
